
Microsoft Visual Studio Solution File, Format Version 12.00
# Visual Studio Version 17
VisualStudioVersion = 17.1.32228.430
MinimumVisualStudioVersion = 10.0.40219.1
Project("{9A19103F-16F7-4668-BE54-9A1E7A4F7556}") = "hafiza", "HafizaOyunu\hafiza.csproj", "{E892B78D-1C69-4F8A-82ED-5D45F5ACEE52}"
EndProject
Global
	GlobalSection(SolutionConfigurationPlatforms) = preSolution
		Debug|Any CPU = Debug|Any CPU
		Release|Any CPU = Release|Any CPU
	EndGlobalSection
	GlobalSection(ProjectConfigurationPlatforms) = postSolution
		{E892B78D-1C69-4F8A-82ED-5D45F5ACEE52}.Debug|Any CPU.ActiveCfg = Debug|Any CPU
		{E892B78D-1C69-4F8A-82ED-5D45F5ACEE52}.Debug|Any CPU.Build.0 = Debug|Any CPU
		{E892B78D-1C69-4F8A-82ED-5D45F5ACEE52}.Release|Any CPU.ActiveCfg = Release|Any CPU
		{E892B78D-1C69-4F8A-82ED-5D45F5ACEE52}.Release|Any CPU.Build.0 = Release|Any CPU
	EndGlobalSection
	GlobalSection(SolutionProperties) = preSolution
		HideSolutionNode = FALSE
	EndGlobalSection
	GlobalSection(ExtensibilityGlobals) = postSolution
		SolutionGuid = {FCB3B467-E8B6-4F8D-AEE3-10CA0A723621}
	EndGlobalSection
EndGlobal
